Microsoft Visual Studio Solution File, Format Version 12.00
# Visual Studio Version 17
VisualStudioVersion = 17.5.2.0
MinimumVisualStudioVersion = 10.0.40219.1
Project("{FAE04EC0-301F-11D3-BF4B-00C04F79EFBC}") = "HealthTracker.Api", "HealthTracker.Api.csproj", "{D03DC417-0BFB-A2A9-D464-8FF8DAFB48FD}"
EndProject
Global
	GlobalSection(SolutionConfigurationPlatforms) = preSolution
		Debug|Any CPU = Debug|Any CPU
		Release|Any CPU = Release|Any CPU
	EndGlobalSection
	GlobalSection(ProjectConfigurationPlatforms) = postSolution
		{D03DC417-0BFB-A2A9-D464-8FF8DAFB48FD}.Debug|Any CPU.ActiveCfg = Debug|Any CPU
		{D03DC417-0BFB-A2A9-D464-8FF8DAFB48FD}.Debug|Any CPU.Build.0 = Debug|Any CPU
		{D03DC417-0BFB-A2A9-D464-8FF8DAFB48FD}.Release|Any CPU.ActiveCfg = Release|Any CPU
		{D03DC417-0BFB-A2A9-D464-8FF8DAFB48FD}.Release|Any CPU.Build.0 = Release|Any CPU
	EndGlobalSection
	GlobalSection(SolutionProperties) = preSolution
		HideSolutionNode = FALSE
	EndGlobalSection
	GlobalSection(ExtensibilityGlobals) = postSolution
		SolutionGuid = {48C345BE-421E-4E5D-BB0B-C631AE5959BE}
	EndGlobalSection
EndGlobal
